
Microsoft Visual Studio Solution File, Format Version 12.00
# Visual Studio Version 17
VisualStudioVersion = 17.10.35122.118
MinimumVisualStudioVersion = 10.0.40219.1
Project("{FAE04EC0-301F-11D3-BF4B-00C04F79EFBC}") = "LogonVistaOrb", "LogonVistaOrb.csproj", "{E37DE9A7-55D6-4513-B685-2707EFC8DF13}"
EndProject
Global
	GlobalSection(SolutionConfigurationPlatforms) = preSolution
		Debug|Any CPU = Debug|Any CPU
		Release|Any CPU = Release|Any CPU
	EndGlobalSection
	GlobalSection(ProjectConfigurationPlatforms) = postSolution
		{E37DE9A7-55D6-4513-B685-2707EFC8DF13}.Debug|Any CPU.ActiveCfg = Debug|Any CPU
		{E37DE9A7-55D6-4513-B685-2707EFC8DF13}.Debug|Any CPU.Build.0 = Debug|Any CPU
		{E37DE9A7-55D6-4513-B685-2707EFC8DF13}.Release|Any CPU.ActiveCfg = Release|Any CPU
		{E37DE9A7-55D6-4513-B685-2707EFC8DF13}.Release|Any CPU.Build.0 = Release|Any CPU
	EndGlobalSection
	GlobalSection(SolutionProperties) = preSolution
		HideSolutionNode = FALSE
	EndGlobalSection
	GlobalSection(ExtensibilityGlobals) = postSolution
		SolutionGuid = {12CE7AAB-A5FB-4E71-A0E4-5998E6FCBB37}
	EndGlobalSection
EndGlobal
